// !$*UTF8*$!
{
	archiveVersion = 1;
	classes = {
	};
	objectVersion = 77;
	objects = {

/* Begin PBXBuildFile section */
		E9DF1ACB2D66FB8500613A15 /* WidgetKit.framework in Frameworks */ = {isa = PBXBuildFile; fileRef = E9DF1ACA2D66FB8500613A15 /* WidgetKit.framework */; };
		E9DF1ACD2D66FB8500613A15 /* SwiftUI.framework in Frameworks */ = {isa = PBXBuildFile; fileRef = E9DF1ACC2D66FB8500613A15 /* SwiftUI.framework */; };
		E9DF1ADE2D66FB8600613A15 /* Widget FactoryExtension.appex in Embed Foundation Extensions */ = {isa = PBXBuildFile; fileRef = E9DF1AC82D66FB8500613A15 /* Widget FactoryExtension.appex */; settings = {ATTRIBUTES = (RemoveHeadersOnCopy, ); }; };
/* End PBXBuildFile section */

/* Begin PBXContainerItemProxy section */
		E9DF1ADC2D66FB8600613A15 /* PBXContainerItemProxy */ = {
			isa = PBXContainerItemProxy;
			containerPortal = E9DF1A832D66F7EF00613A15 /* Project object */;
			proxyType = 1;
			remoteGlobalIDString = E9DF1AC72D66FB8500613A15;
			remoteInfo = "Widget FactoryExtension";
		};
/* End PBXContainerItemProxy section */

/* Begin PBXCopyFilesBuildPhase section */
		E9DF1AE32D66FB8600613A15 /* Embed Foundation Extensions */ = {
			isa = PBXCopyFilesBuildPhase;
			buildActionMask = 2147483647;
			dstPath = "";
			dstSubfolderSpec = 13;
			files = (
				E9DF1ADE2D66FB8600613A15 /* Widget FactoryExtension.appex in Embed Foundation Extensions */,
			);
			name = "Embed Foundation Extensions";
			runOnlyForDeploymentPostprocessing = 0;
		};
/* End PBXCopyFilesBuildPhase section */

/* Begin PBXFileReference section */
		E9DF1A8B2D66F7EF00613A15 /* AFL.app */ = {isa = PBXFileReference; explicitFileType = wrapper.application; includeInIndex = 0; path = AFL.app; sourceTree = BUILT_PRODUCTS_DIR; };
		E9DF1AC82D66FB8500613A15 /* Widget FactoryExtension.appex */ = {isa = PBXFileReference; explicitFileType = "wrapper.app-extension"; includeInIndex = 0; path = "Widget FactoryExtension.appex"; sourceTree = BUILT_PRODUCTS_DIR; };
		E9DF1ACA2D66FB8500613A15 /* WidgetKit.framework */ = {isa = PBXFileReference; lastKnownFileType = wrapper.framework; name = WidgetKit.framework; path = System/Library/Frameworks/WidgetKit.framework; sourceTree = SDKROOT; };
		E9DF1ACC2D66FB8500613A15 /* SwiftUI.framework */ = {isa = PBXFileReference; lastKnownFileType = wrapper.framework; name = SwiftUI.framework; path = System/Library/Frameworks/SwiftUI.framework; sourceTree = SDKROOT; };
		E9DF1AE42D6701C600613A15 /* Widget FactoryExtension.entitlements */ = {isa = PBXFileReference; lastKnownFileType = text.plist.entitlements; path = "Widget FactoryExtension.entitlements"; sourceTree = "<group>"; };
/* End PBXFileReference section */

/* Begin PBXFileSystemSynchronizedBuildFileExceptionSet section */
		E9DF1ADF2D66FB8600613A15 /* Exceptions for "Widget Factory" folder in "Widget FactoryExtension" target */ = {
			isa = PBXFileSystemSynchronizedBuildFileExceptionSet;
			membershipExceptions = (
				Info.plist,
			);
			target = E9DF1AC72D66FB8500613A15 /* Widget FactoryExtension */;
		};
		E9DF1AE72D67079600613A15 /* Exceptions for "Widget Factory" folder in "AFL" target */ = {
			isa = PBXFileSystemSynchronizedBuildFileExceptionSet;
			membershipExceptions = (
				Widget_FactoryControl.swift,
				Widget_FactoryLiveActivity.swift,
				WidgetTimelineEntry.swift,
				WidgetTimelineProvider.swift,
				WidgetView.swift,
			);
			target = E9DF1A8A2D66F7EF00613A15 /* AFL */;
		};
		E9DF1AF22D670BBE00613A15 /* Exceptions for "Prueba2" folder in "Widget FactoryExtension" target */ = {
			isa = PBXFileSystemSynchronizedBuildFileExceptionSet;
			membershipExceptions = (
				Models.swift,
				Prueba2App.swift,
			);
			target = E9DF1AC72D66FB8500613A15 /* Widget FactoryExtension */;
		};
/* End PBXFileSystemSynchronizedBuildFileExceptionSet section */

/* Begin PBXFileSystemSynchronizedRootGroup section */
		E9DF1A8D2D66F7EF00613A15 /* Prueba2 */ = {
			isa = PBXFileSystemSynchronizedRootGroup;
			exceptions = (
				E9DF1AF22D670BBE00613A15 /* Exceptions for "Prueba2" folder in "Widget FactoryExtension" target */,
			);
			path = Prueba2;
			sourceTree = "<group>";
		};
		E9DF1AB92D66F95000613A15 /* Procesos */ = {
			isa = PBXFileSystemSynchronizedRootGroup;
			path = Procesos;
			sourceTree = "<group>";
		};
		E9DF1ACE2D66FB8500613A15 /* Widget Factory */ = {
			isa = PBXFileSystemSynchronizedRootGroup;
			exceptions = (
				E9DF1AE72D67079600613A15 /* Exceptions for "Widget Factory" folder in "AFL" target */,
				E9DF1ADF2D66FB8600613A15 /* Exceptions for "Widget Factory" folder in "Widget FactoryExtension" target */,
			);
			path = "Widget Factory";
			sourceTree = "<group>";
		};
/* End PBXFileSystemSynchronizedRootGroup section */

/* Begin PBXFrameworksBuildPhase section */
		E9DF1A882D66F7EF00613A15 /* Frameworks */ = {
			isa = PBXFrameworksBuildPhase;
			buildActionMask = 2147483647;
			files = (
			);
			runOnlyForDeploymentPostprocessing = 0;
		};
		E9DF1AC52D66FB8500613A15 /* Frameworks */ = {
			isa = PBXFrameworksBuildPhase;
			buildActionMask = 2147483647;
			files = (
				E9DF1ACD2D66FB8500613A15 /* SwiftUI.framework in Frameworks */,
				E9DF1ACB2D66FB8500613A15 /* WidgetKit.framework in Frameworks */,
			);
			runOnlyForDeploymentPostprocessing = 0;
		};
/* End PBXFrameworksBuildPhase section */

/* Begin PBXGroup section */
		E9DF1A822D66F7EF00613A15 = {
			isa = PBXGroup;
			children = (
				E9DF1AE42D6701C600613A15 /* Widget FactoryExtension.entitlements */,
				E9DF1AB92D66F95000613A15 /* Procesos */,
				E9DF1A8D2D66F7EF00613A15 /* Prueba2 */,
				E9DF1ACE2D66FB8500613A15 /* Widget Factory */,
				E9DF1AC92D66FB8500613A15 /* Frameworks */,
				E9DF1A8C2D66F7EF00613A15 /* Products */,
			);
			sourceTree = "<group>";
		};
		E9DF1A8C2D66F7EF00613A15 /* Products */ = {
			isa = PBXGroup;
			children = (
				E9DF1A8B2D66F7EF00613A15 /* AFL.app */,
				E9DF1AC82D66FB8500613A15 /* Widget FactoryExtension.appex */,
			);
			name = Products;
			sourceTree = "<group>";
		};
		E9DF1AC92D66FB8500613A15 /* Frameworks */ = {
			isa = PBXGroup;
			children = (
				E9DF1ACA2D66FB8500613A15 /* WidgetKit.framework */,
				E9DF1ACC2D66FB8500613A15 /* SwiftUI.framework */,
			);
			name = Frameworks;
			sourceTree = "<group>";
		};
/* End PBXGroup section */

/* Begin PBXNativeTarget section */
		E9DF1A8A2D66F7EF00613A15 /* AFL */ = {
			isa = PBXNativeTarget;
			buildConfigurationList = E9DF1A992D66F7F000613A15 /* Build configuration list for PBXNativeTarget "AFL" */;
			buildPhases = (
				E9DF1A872D66F7EF00613A15 /* Sources */,
				E9DF1A882D66F7EF00613A15 /* Frameworks */,
				E9DF1A892D66F7EF00613A15 /* Resources */,
				E9DF1AE32D66FB8600613A15 /* Embed Foundation Extensions */,
			);
			buildRules = (
			);
			dependencies = (
				E9DF1ADD2D66FB8600613A15 /* PBXTargetDependency */,
			);
			fileSystemSynchronizedGroups = (
				E9DF1A8D2D66F7EF00613A15 /* Prueba2 */,
				E9DF1AB92D66F95000613A15 /* Procesos */,
			);
			name = AFL;
			packageProductDependencies = (
			);
			productName = Prueba2;
			productReference = E9DF1A8B2D66F7EF00613A15 /* AFL.app */;
			productType = "com.apple.product-type.application";
		};
		E9DF1AC72D66FB8500613A15 /* Widget FactoryExtension */ = {
			isa = PBXNativeTarget;
			buildConfigurationList = E9DF1AE02D66FB8600613A15 /* Build configuration list for PBXNativeTarget "Widget FactoryExtension" */;
			buildPhases = (
				E9DF1AC42D66FB8500613A15 /* Sources */,
				E9DF1AC52D66FB8500613A15 /* Frameworks */,
				E9DF1AC62D66FB8500613A15 /* Resources */,
			);
			buildRules = (
			);
			dependencies = (
			);
			fileSystemSynchronizedGroups = (
				E9DF1ACE2D66FB8500613A15 /* Widget Factory */,
			);
			name = "Widget FactoryExtension";
			packageProductDependencies = (
			);
			productName = "Widget FactoryExtension";
			productReference = E9DF1AC82D66FB8500613A15 /* Widget FactoryExtension.appex */;
			productType = "com.apple.product-type.app-extension";
		};
/* End PBXNativeTarget section */

/* Begin PBXProject section */
		E9DF1A832D66F7EF00613A15 /* Project object */ = {
			isa = PBXProject;
			attributes = {
				BuildIndependentTargetsInParallel = 1;
				LastSwiftUpdateCheck = 1620;
				LastUpgradeCheck = 1620;
				TargetAttributes = {
					E9DF1A8A2D66F7EF00613A15 = {
						CreatedOnToolsVersion = 16.2;
					};
					E9DF1AC72D66FB8500613A15 = {
						CreatedOnToolsVersion = 16.2;
					};
				};
			};
			buildConfigurationList = E9DF1A862D66F7EF00613A15 /* Build configuration list for PBXProject "Test AFL" */;
			developmentRegion = en;
			hasScannedForEncodings = 0;
			knownRegions = (
				en,
				Base,
			);
			mainGroup = E9DF1A822D66F7EF00613A15;
			minimizedProjectReferenceProxies = 1;
			preferredProjectObjectVersion = 77;
			productRefGroup = E9DF1A8C2D66F7EF00613A15 /* Products */;
			projectDirPath = "";
			projectRoot = "";
			targets = (
				E9DF1A8A2D66F7EF00613A15 /* AFL */,
				E9DF1AC72D66FB8500613A15 /* Widget FactoryExtension */,
			);
		};
/* End PBXProject section */

/* Begin PBXResourcesBuildPhase section */
		E9DF1A892D66F7EF00613A15 /* Resources */ = {
			isa = PBXResourcesBuildPhase;
			buildActionMask = 2147483647;
			files = (
			);
			runOnlyForDeploymentPostprocessing = 0;
		};
		E9DF1AC62D66FB8500613A15 /* Resources */ = {
			isa = PBXResourcesBuildPhase;
			buildActionMask = 2147483647;
			files = (
			);
			runOnlyForDeploymentPostprocessing = 0;
		};
/* End PBXResourcesBuildPhase section */

/* Begin PBXSourcesBuildPhase section */
		E9DF1A872D66F7EF00613A15 /* Sources */ = {
			isa = PBXSourcesBuildPhase;
			buildActionMask = 2147483647;
			files = (
			);
			runOnlyForDeploymentPostprocessing = 0;
		};
		E9DF1AC42D66FB8500613A15 /* Sources */ = {
			isa = PBXSourcesBuildPhase;
			buildActionMask = 2147483647;
			files = (
			);
			runOnlyForDeploymentPostprocessing = 0;
		};
/* End PBXSourcesBuildPhase section */

/* Begin PBXTargetDependency section */
		E9DF1ADD2D66FB8600613A15 /* PBXTargetDependency */ = {
			isa = PBXTargetDependency;
			target = E9DF1AC72D66FB8500613A15 /* Widget FactoryExtension */;
			targetProxy = E9DF1ADC2D66FB8600613A15 /* PBXContainerItemProxy */;
		};
/* End PBXTargetDependency section */

/* Begin XCBuildConfiguration section */
		E9DF1A972D66F7F000613A15 /* Debug */ = {
			isa = XCBuildConfiguration;
			buildSettings = {
				ALWAYS_SEARCH_USER_PATHS = NO;
				ASSETCATALOG_COMPILER_GENERATE_SWIFT_ASSET_SYMBOL_EXTENSIONS = YES;
				CLANG_ANALYZER_NONNULL = YES;
				CLANG_ANALYZER_NUMBER_OBJECT_CONVERSION = YES_AGGRESSIVE;
				CLANG_CXX_LANGUAGE_STANDARD = "gnu++20";
				CLANG_ENABLE_MODULES = YES;
				CLANG_ENABLE_OBJC_ARC = YES;
				CLANG_ENABLE_OBJC_WEAK = YES;
				CLANG_WARN_BLOCK_CAPTURE_AUTORELEASING = YES;
				CLANG_WARN_BOOL_CONVERSION = YES;
				CLANG_WARN_COMMA = YES;
				CLANG_WARN_CONSTANT_CONVERSION = YES;
				CLANG_WARN_DEPRECATED_OBJC_IMPLEMENTATIONS = YES;
				CLANG_WARN_DIRECT_OBJC_ISA_USAGE = YES_ERROR;
				CLANG_WARN_DOCUMENTATION_COMMENTS = YES;
				CLANG_WARN_EMPTY_BODY = YES;
				CLANG_WARN_ENUM_CONVERSION = YES;
				CLANG_WARN_INFINITE_RECURSION = YES;
				CLANG_WARN_INT_CONVERSION = YES;
				CLANG_WARN_NON_LITERAL_NULL_CONVERSION = YES;
				CLANG_WARN_OBJC_IMPLICIT_RETAIN_SELF = YES;
				CLANG_WARN_OBJC_LITERAL_CONVERSION = YES;
				CLANG_WARN_OBJC_ROOT_CLASS = YES_ERROR;
				CLANG_WARN_QUOTED_INCLUDE_IN_FRAMEWORK_HEADER = YES;
				CLANG_WARN_RANGE_LOOP_ANALYSIS = YES;
				CLANG_WARN_STRICT_PROTOTYPES = YES;
				CLANG_WARN_SUSPICIOUS_MOVE = YES;
				CLANG_WARN_UNGUARDED_AVAILABILITY = YES_AGGRESSIVE;
				CLANG_WARN_UNREACHABLE_CODE = YES;
				CLANG_WARN__DUPLICATE_METHOD_MATCH = YES;
				COPY_PHASE_STRIP = NO;
				DEBUG_INFORMATION_FORMAT = dwarf;
				ENABLE_STRICT_OBJC_MSGSEND = YES;
				ENABLE_TESTABILITY = YES;
				ENABLE_USER_SCRIPT_SANDBOXING = YES;
				GCC_C_LANGUAGE_STANDARD = gnu17;
				GCC_DYNAMIC_NO_PIC = NO;
				GCC_NO_COMMON_BLOCKS = YES;
				GCC_OPTIMIZATION_LEVEL = 0;
				GCC_PREPROCESSOR_DEFINITIONS = (
					"DEBUG=1",
					"$(inherited)",
				);
				GCC_WARN_64_TO_32_BIT_CONVERSION = YES;
				GCC_WARN_ABOUT_RETURN_TYPE = YES_ERROR;
				GCC_WARN_UNDECLARED_SELECTOR = YES;
				GCC_WARN_UNINITIALIZED_AUTOS = YES_AGGRESSIVE;
				GCC_WARN_UNUSED_FUNCTION = YES;
				GCC_WARN_UNUSED_VARIABLE = YES;
				IPHONEOS_DEPLOYMENT_TARGET = 18.2;
				LOCALIZATION_PREFERS_STRING_CATALOGS = YES;
				MTL_ENABLE_DEBUG_INFO = INCLUDE_SOURCE;
				MTL_FAST_MATH = YES;
				ONLY_ACTIVE_ARCH = YES;
				SDKROOT = iphoneos;
				SWIFT_ACTIVE_COMPILATION_CONDITIONS = "DEBUG $(inherited)";
				SWIFT_OPTIMIZATION_LEVEL = "-Onone";
			};
			name = Debug;
		};
		E9DF1A982D66F7F000613A15 /* Release */ = {
			isa = XCBuildConfiguration;
			buildSettings = {
				ALWAYS_SEARCH_USER_PATHS = NO;
				ASSETCATALOG_COMPILER_GENERATE_SWIFT_ASSET_SYMBOL_EXTENSIONS = YES;
				CLANG_ANALYZER_NONNULL = YES;
				CLANG_ANALYZER_NUMBER_OBJECT_CONVERSION = YES_AGGRESSIVE;
				CLANG_CXX_LANGUAGE_STANDARD = "gnu++20";
				CLANG_ENABLE_MODULES = YES;
				CLANG_ENABLE_OBJC_ARC = YES;
				CLANG_ENABLE_OBJC_WEAK = YES;
				CLANG_WARN_BLOCK_CAPTURE_AUTORELEASING = YES;
				CLANG_WARN_BOOL_CONVERSION = YES;
				CLANG_WARN_COMMA = YES;
				CLANG_WARN_CONSTANT_CONVERSION = YES;
				CLANG_WARN_DEPRECATED_OBJC_IMPLEMENTATIONS = YES;
				CLANG_WARN_DIRECT_OBJC_ISA_USAGE = YES_ERROR;
				CLANG_WARN_DOCUMENTATION_COMMENTS = YES;
				CLANG_WARN_EMPTY_BODY = YES;
				CLANG_WARN_ENUM_CONVERSION = YES;
				CLANG_WARN_INFINITE_RECURSION = YES;
				CLANG_WARN_INT_CONVERSION = YES;
				CLANG_WARN_NON_LITERAL_NULL_CONVERSION = YES;
				CLANG_WARN_OBJC_IMPLICIT_RETAIN_SELF = YES;
				CLANG_WARN_OBJC_LITERAL_CONVERSION = YES;
				CLANG_WARN_OBJC_ROOT_CLASS = YES_ERROR;
				CLANG_WARN_QUOTED_INCLUDE_IN_FRAMEWORK_HEADER = YES;
				CLANG_WARN_RANGE_LOOP_ANALYSIS = YES;
				CLANG_WARN_STRICT_PROTOTYPES = YES;
				CLANG_WARN_SUSPICIOUS_MOVE = YES;
				CLANG_WARN_UNGUARDED_AVAILABILITY = YES_AGGRESSIVE;
				CLANG_WARN_UNREACHABLE_CODE = YES;
				CLANG_WARN__DUPLICATE_METHOD_MATCH = YES;
				COPY_PHASE_STRIP = NO;
				DEBUG_INFORMATION_FORMAT = "dwarf-with-dsym";
				ENABLE_NS_ASSERTIONS = NO;
				ENABLE_STRICT_OBJC_MSGSEND = YES;
				ENABLE_USER_SCRIPT_SANDBOXING = YES;
				GCC_C_LANGUAGE_STANDARD = gnu17;
				GCC_NO_COMMON_BLOCKS = YES;
				GCC_WARN_64_TO_32_BIT_CONVERSION = YES;
				GCC_WARN_ABOUT_RETURN_TYPE = YES_ERROR;
				GCC_WARN_UNDECLARED_SELECTOR = YES;
				GCC_WARN_UNINITIALIZED_AUTOS = YES_AGGRESSIVE;
				GCC_WARN_UNUSED_FUNCTION = YES;
				GCC_WARN_UNUSED_VARIABLE = YES;
				IPHONEOS_DEPLOYMENT_TARGET = 18.2;
				LOCALIZATION_PREFERS_STRING_CATALOGS = YES;
				MTL_ENABLE_DEBUG_INFO = NO;
				MTL_FAST_MATH = YES;
				SDKROOT = iphoneos;
				SWIFT_COMPILATION_MODE = wholemodule;
				VALIDATE_PRODUCT = YES;
			};
			name = Release;
		};
		E9DF1A9A2D66F7F000613A15 /* Debug */ = {
			isa = XCBuildConfiguration;
			buildSettings = {
				ASSETCATALOG_COMPILER_APPICON_NAME = AppIcon;
				ASSETCATALOG_COMPILER_GLOBAL_ACCENT_COLOR_NAME = AccentColor;
				CODE_SIGN_ENTITLEMENTS = Prueba2/Prueba2.entitlements;
				CODE_SIGN_STYLE = Automatic;
				CURRENT_PROJECT_VERSION = 1;
				DEVELOPMENT_ASSET_PATHS = "\"Prueba2/Preview Content\"";
				DEVELOPMENT_TEAM = R678LRML2U;
				ENABLE_PREVIEWS = YES;
				GENERATE_INFOPLIST_FILE = YES;
				INFOPLIST_KEY_CFBundleDisplayName = "Test AFL";
				INFOPLIST_KEY_UIApplicationSceneManifest_Generation = YES;
				INFOPLIST_KEY_UIApplicationSupportsIndirectInputEvents = YES;
				INFOPLIST_KEY_UILaunchScreen_Generation = YES;
				INFOPLIST_KEY_UISupportedInterfaceOrientations_iPad = "UIInterfaceOrientationPortrait UIInterfaceOrientationPortraitUpsideDown UIInterfaceOrientationLandscapeLeft UIInterfaceOrientationLandscapeRight";
				INFOPLIST_KEY_UISupportedInterfaceOrientations_iPhone = "UIInterfaceOrientationPortrait UIInterfaceOrientationLandscapeLeft UIInterfaceOrientationLandscapeRight";
				LD_RUNPATH_SEARCH_PATHS = (
					"$(inherited)",
					"@executable_path/Frameworks",
				);
				MARKETING_VERSION = 1.0;
				PRODUCT_BUNDLE_IDENTIFIER = ProyectosX.Prueba2;
				PRODUCT_NAME = "$(TARGET_NAME)";
				SUPPORTED_PLATFORMS = "iphoneos iphonesimulator";
				SUPPORTS_MACCATALYST = NO;
				SUPPORTS_XR_DESIGNED_FOR_IPHONE_IPAD = NO;
				SWIFT_EMIT_LOC_STRINGS = YES;
				SWIFT_VERSION = 5.0;
				TARGETED_DEVICE_FAMILY = "1,2";
			};
			name = Debug;
		};
		E9DF1A9B2D66F7F000613A15 /* Release */ = {
			isa = XCBuildConfiguration;
			buildSettings = {
				ASSETCATALOG_COMPILER_APPICON_NAME = AppIcon;
				ASSETCATALOG_COMPILER_GLOBAL_ACCENT_COLOR_NAME = AccentColor;
				CODE_SIGN_ENTITLEMENTS = Prueba2/Prueba2.entitlements;
				CODE_SIGN_STYLE = Automatic;
				CURRENT_PROJECT_VERSION = 1;
				DEVELOPMENT_ASSET_PATHS = "\"Prueba2/Preview Content\"";
				DEVELOPMENT_TEAM = R678LRML2U;
				ENABLE_PREVIEWS = YES;
				GENERATE_INFOPLIST_FILE = YES;
				INFOPLIST_KEY_CFBundleDisplayName = "Test AFL";
				INFOPLIST_KEY_UIApplicationSceneManifest_Generation = YES;
				INFOPLIST_KEY_UIApplicationSupportsIndirectInputEvents = YES;
				INFOPLIST_KEY_UILaunchScreen_Generation = YES;
				INFOPLIST_KEY_UISupportedInterfaceOrientations_iPad = "UIInterfaceOrientationPortrait UIInterfaceOrientationPortraitUpsideDown UIInterfaceOrientationLandscapeLeft UIInterfaceOrientationLandscapeRight";
				INFOPLIST_KEY_UISupportedInterfaceOrientations_iPhone = "UIInterfaceOrientationPortrait UIInterfaceOrientationLandscapeLeft UIInterfaceOrientationLandscapeRight";
				LD_RUNPATH_SEARCH_PATHS = (
					"$(inherited)",
					"@executable_path/Frameworks",
				);
				MARKETING_VERSION = 1.0;
				PRODUCT_BUNDLE_IDENTIFIER = ProyectosX.Prueba2;
				PRODUCT_NAME = "$(TARGET_NAME)";
				SUPPORTED_PLATFORMS = "iphoneos iphonesimulator";
				SUPPORTS_MACCATALYST = NO;
				SUPPORTS_XR_DESIGNED_FOR_IPHONE_IPAD = NO;
				SWIFT_EMIT_LOC_STRINGS = YES;
				SWIFT_VERSION = 5.0;
				TARGETED_DEVICE_FAMILY = "1,2";
			};
			name = Release;
		};
		E9DF1AE12D66FB8600613A15 /* Debug */ = {
			isa = XCBuildConfiguration;
			buildSettings = {
				ASSETCATALOG_COMPILER_GLOBAL_ACCENT_COLOR_NAME = AccentColor;
				ASSETCATALOG_COMPILER_WIDGET_BACKGROUND_COLOR_NAME = WidgetBackground;
				CODE_SIGN_ENTITLEMENTS = "Widget FactoryExtension.entitlements";
				CODE_SIGN_STYLE = Automatic;
				CURRENT_PROJECT_VERSION = 1;
				DEVELOPMENT_TEAM = R678LRML2U;
				GENERATE_INFOPLIST_FILE = YES;
				INFOPLIST_FILE = "Widget Factory/Info.plist";
				INFOPLIST_KEY_CFBundleDisplayName = "Widget Factory";
				INFOPLIST_KEY_NSHumanReadableCopyright = "";
				LD_RUNPATH_SEARCH_PATHS = (
					"$(inherited)",
					"@executable_path/Frameworks",
					"@executable_path/../../Frameworks",
				);
				MARKETING_VERSION = 1.0;
				PRODUCT_BUNDLE_IDENTIFIER = "ProyectosX.Prueba2.Widget-Factory";
				PRODUCT_NAME = "$(TARGET_NAME)";
				SKIP_INSTALL = YES;
				SWIFT_EMIT_LOC_STRINGS = YES;
				SWIFT_VERSION = 5.0;
				TARGETED_DEVICE_FAMILY = "1,2";
			};
			name = Debug;
		};
		E9DF1AE22D66FB8600613A15 /* Release */ = {
			isa = XCBuildConfiguration;
			buildSettings = {
				ASSETCATALOG_COMPILER_GLOBAL_ACCENT_COLOR_NAME = AccentColor;
				ASSETCATALOG_COMPILER_WIDGET_BACKGROUND_COLOR_NAME = WidgetBackground;
				CODE_SIGN_ENTITLEMENTS = "Widget FactoryExtension.entitlements";
				CODE_SIGN_STYLE = Automatic;
				CURRENT_PROJECT_VERSION = 1;
				DEVELOPMENT_TEAM = R678LRML2U;
				GENERATE_INFOPLIST_FILE = YES;
				INFOPLIST_FILE = "Widget Factory/Info.plist";
				INFOPLIST_KEY_CFBundleDisplayName = "Widget Factory";
				INFOPLIST_KEY_NSHumanReadableCopyright = "";
				LD_RUNPATH_SEARCH_PATHS = (
					"$(inherited)",
					"@executable_path/Frameworks",
					"@executable_path/../../Frameworks",
				);
				MARKETING_VERSION = 1.0;
				PRODUCT_BUNDLE_IDENTIFIER = "ProyectosX.Prueba2.Widget-Factory";
				PRODUCT_NAME = "$(TARGET_NAME)";
				SKIP_INSTALL = YES;
				SWIFT_EMIT_LOC_STRINGS = YES;
				SWIFT_VERSION = 5.0;
				TARGETED_DEVICE_FAMILY = "1,2";
			};
			name = Release;
		};
/* End XCBuildConfiguration section */

/* Begin XCConfigurationList section */
		E9DF1A862D66F7EF00613A15 /* Build configuration list for PBXProject "Test AFL" */ = {
			isa = XCConfigurationList;
			buildConfigurations = (
				E9DF1A972D66F7F000613A15 /* Debug */,
				E9DF1A982D66F7F000613A15 /* Release */,
			);
			defaultConfigurationIsVisible = 0;
			defaultConfigurationName = Release;
		};
		E9DF1A992D66F7F000613A15 /* Build configuration list for PBXNativeTarget "AFL" */ = {
			isa = XCConfigurationList;
			buildConfigurations = (
				E9DF1A9A2D66F7F000613A15 /* Debug */,
				E9DF1A9B2D66F7F000613A15 /* Release */,
			);
			defaultConfigurationIsVisible = 0;
			defaultConfigurationName = Release;
		};
		E9DF1AE02D66FB8600613A15 /* Build configuration list for PBXNativeTarget "Widget FactoryExtension" */ = {
			isa = XCConfigurationList;
			buildConfigurations = (
				E9DF1AE12D66FB8600613A15 /* Debug */,
				E9DF1AE22D66FB8600613A15 /* Release */,
			);
			defaultConfigurationIsVisible = 0;
			defaultConfigurationName = Release;
		};
/* End XCConfigurationList section */
	};
	rootObject = E9DF1A832D66F7EF00613A15 /* Project object */;
}
